
Microsoft Visual Studio Solution File, Format Version 12.00
# Visual Studio Version 16
VisualStudioVersion = 16.0.30907.101
MinimumVisualStudioVersion = 10.0.40219.1
Project("{FAE04EC0-301F-11D3-BF4B-00C04F79EFBC}") = "EShopping", "..\..\EShopping\EShopping.csproj", "{156D9F26-7D51-4DC0-8524-41D107079F7C}"
EndProject
Global
	GlobalSection(SolutionConfigurationPlatforms) = preSolution
		Debug|Any CPU = Debug|Any CPU
		Release|Any CPU = Release|Any CPU
	EndGlobalSection
	GlobalSection(ProjectConfigurationPlatforms) = postSolution
		{156D9F26-7D51-4DC0-8524-41D107079F7C}.Debug|Any CPU.ActiveCfg = Debug|Any CPU
		{156D9F26-7D51-4DC0-8524-41D107079F7C}.Debug|Any CPU.Build.0 = Debug|Any CPU
		{156D9F26-7D51-4DC0-8524-41D107079F7C}.Release|Any CPU.ActiveCfg = Release|Any CPU
		{156D9F26-7D51-4DC0-8524-41D107079F7C}.Release|Any CPU.Build.0 = Release|Any CPU
	EndGlobalSection
	GlobalSection(SolutionProperties) = preSolution
		HideSolutionNode = FALSE
	EndGlobalSection
	GlobalSection(ExtensibilityGlobals) = postSolution
		SolutionGuid = {CB093FB1-AA4A-4641-B1A4-220A97CDA791}
	EndGlobalSection
EndGlobal
